
Microsoft Visual Studio Solution File, Format Version 12.00
# Visual Studio Version 17
VisualStudioVersion = 17.14.36804.6 d17.14
MinimumVisualStudioVersion = 10.0.40219.1
Project("{FAE04EC0-301F-11D3-BF4B-00C04F79EFBC}") = "HappyBlog", "HappyBlog\HappyBlog.csproj", "{86D70F50-A715-4E85-8A34-FA96F6CFD4C3}"
EndProject
Global
	GlobalSection(SolutionConfigurationPlatforms) = preSolution
		Debug|Any CPU = Debug|Any CPU
		Release|Any CPU = Release|Any CPU
	EndGlobalSection
	GlobalSection(ProjectConfigurationPlatforms) = postSolution
		{86D70F50-A715-4E85-8A34-FA96F6CFD4C3}.Debug|Any CPU.ActiveCfg = Debug|Any CPU
		{86D70F50-A715-4E85-8A34-FA96F6CFD4C3}.Debug|Any CPU.Build.0 = Debug|Any CPU
		{86D70F50-A715-4E85-8A34-FA96F6CFD4C3}.Release|Any CPU.ActiveCfg = Release|Any CPU
		{86D70F50-A715-4E85-8A34-FA96F6CFD4C3}.Release|Any CPU.Build.0 = Release|Any CPU
	EndGlobalSection
	GlobalSection(SolutionProperties) = preSolution
		HideSolutionNode = FALSE
	EndGlobalSection
	GlobalSection(ExtensibilityGlobals) = postSolution
		SolutionGuid = {14D8B4E6-E663-4404-AF1F-F8967269E70A}
	EndGlobalSection
EndGlobal
